
Microsoft Visual Studio Solution File, Format Version 12.00
# Visual Studio 15
VisualStudioVersion = 15.0.28307.329
MinimumVisualStudioVersion = 10.0.40219.1
Project("{FAE04EC0-301F-11D3-BF4B-00C04F79EFBC}") = "BusinesRelationships", "BusinesRelationships\BusinesRelationships.csproj", "{88A9F159-E70F-40EE-A587-53B2726345D7}"
EndProject
Global
	GlobalSection(SolutionConfigurationPlatforms) = preSolution
		Debug|Any CPU = Debug|Any CPU
		Release|Any CPU = Release|Any CPU
	EndGlobalSection
	GlobalSection(ProjectConfigurationPlatforms) = postSolution
		{88A9F159-E70F-40EE-A587-53B2726345D7}.Debug|Any CPU.ActiveCfg = Debug|Any CPU
		{88A9F159-E70F-40EE-A587-53B2726345D7}.Debug|Any CPU.Build.0 = Debug|Any CPU
		{88A9F159-E70F-40EE-A587-53B2726345D7}.Release|Any CPU.ActiveCfg = Release|Any CPU
		{88A9F159-E70F-40EE-A587-53B2726345D7}.Release|Any CPU.Build.0 = Release|Any CPU
	EndGlobalSection
	GlobalSection(SolutionProperties) = preSolution
		HideSolutionNode = FALSE
	EndGlobalSection
	GlobalSection(ExtensibilityGlobals) = postSolution
		SolutionGuid = {D28AF718-C716-4F8E-AA1D-C8EA57344F83}
	EndGlobalSection
EndGlobal
